
Microsoft Visual Studio Solution File, Format Version 12.00
# Visual Studio Version 16
VisualStudioVersion = 16.0.31424.327
MinimumVisualStudioVersion = 10.0.40219.1
Project("{FAE04EC0-301F-11D3-BF4B-00C04F79EFBC}") = "PasswordManager", "PasswordManager\PasswordManager.csproj", "{6793B1F7-1B5A-4C30-B0D7-A8D6F69F6A57}"
EndProject
Global
	GlobalSection(SolutionConfigurationPlatforms) = preSolution
		Debug|Any CPU = Debug|Any CPU
		Release|Any CPU = Release|Any CPU
	EndGlobalSection
	GlobalSection(ProjectConfigurationPlatforms) = postSolution
		{6793B1F7-1B5A-4C30-B0D7-A8D6F69F6A57}.Debug|Any CPU.ActiveCfg = Debug|Any CPU
		{6793B1F7-1B5A-4C30-B0D7-A8D6F69F6A57}.Debug|Any CPU.Build.0 = Debug|Any CPU
		{6793B1F7-1B5A-4C30-B0D7-A8D6F69F6A57}.Release|Any CPU.ActiveCfg = Release|Any CPU
		{6793B1F7-1B5A-4C30-B0D7-A8D6F69F6A57}.Release|Any CPU.Build.0 = Release|Any CPU
	EndGlobalSection
	GlobalSection(SolutionProperties) = preSolution
		HideSolutionNode = FALSE
	EndGlobalSection
	GlobalSection(ExtensibilityGlobals) = postSolution
		SolutionGuid = {68688242-9316-49C2-91A0-C6287B04E209}
	EndGlobalSection
EndGlobal
